
Microsoft Visual Studio Solution File, Format Version 12.00
# Visual Studio Version 16
VisualStudioVersion = 16.0.34031.81
MinimumVisualStudioVersion = 10.0.40219.1
Project("{2150E333-8FDC-42A3-9474-1A3956D46DE8}") = "Task0", "Task0", "{499A1DC1-CB0C-46DE-9818-F1F048A75CC9}"
EndProject
Project("{FAE04EC0-301F-11D3-BF4B-00C04F79EFBC}") = "Tyuiu.ShakirovRR.Sprint1.Task0.V8", "Tyuiu.ShakirovRR.Sprint1.Task0.V8\Tyuiu.ShakirovRR.Sprint1.Task0.V8.csproj", "{0C85F823-A38B-4B4C-92AF-727520F160EA}"
EndProject
Project("{FAE04EC0-301F-11D3-BF4B-00C04F79EFBC}") = "Tyuiu.ShakirovRR.Sprint1.Task0.V8.Lib", "Tyuiu.ShakirovRR.Sprint1.Task0.V8.Lib\Tyuiu.ShakirovRR.Sprint1.Task0.V8.Lib.csproj", "{29FA9D06-B4F5-4792-AC77-8F86E62EEF2E}"
EndProject
Project("{FAE04EC0-301F-11D3-BF4B-00C04F79EFBC}") = "Tyuiu.ShakirovRR.Sprint1.Task0.V8.Test", "Tyuiu.ShakirovRR.Sprint1.Task0.V8.Test\Tyuiu.ShakirovRR.Sprint1.Task0.V8.Test.csproj", "{E010CC75-9DF0-4E59-A18C-0B8D49634F84}"
EndProject
Project("{2150E333-8FDC-42A3-9474-1A3956D46DE8}") = "Task1", "Task1", "{D2E129CE-06F5-493A-B7BB-049A96BEF9D6}"
EndProject
Project("{FAE04EC0-301F-11D3-BF4B-00C04F79EFBC}") = "Tyuiu.ShakirovRR.Sprint1.Task1.V13", "Tyuiu.ShakirovRR.Sprint1.Task1.V13\Tyuiu.ShakirovRR.Sprint1.Task1.V13.csproj", "{F705CF70-7C12-417E-B35E-BB9237F61D0B}"
EndProject
Project("{FAE04EC0-301F-11D3-BF4B-00C04F79EFBC}") = "Tyuiu.ShakirovRR.Sprint1.Task1.V13.Lib", "Tyuiu.ShakirovRR.Sprint1.Task1.V13.Lib\Tyuiu.ShakirovRR.Sprint1.Task1.V13.Lib.csproj", "{E3FDA712-0E39-43FA-B6AE-B70780554EAC}"
EndProject
Project("{FAE04EC0-301F-11D3-BF4B-00C04F79EFBC}") = "Tyuiu.ShakirovRR.Sprint1.Task1.V13.Test", "Tyuiu.ShakirovRR.Sprint1.Task1.V13.Test\Tyuiu.ShakirovRR.Sprint1.Task1.V13.Test.csproj", "{3068AC92-721A-4F3C-BD54-3EA8AC24312A}"
EndProject
Project("{2150E333-8FDC-42A3-9474-1A3956D46DE8}") = "Task2", "Task2", "{7A9A52EC-16C9-411F-A082-CFA8F488C557}"
EndProject
Project("{FAE04EC0-301F-11D3-BF4B-00C04F79EFBC}") = "Tyuiu.ShakirovRR.Sprint1.Task2.V16", "Tyuiu.ShakirovRR.Sprint1.Task2.V16\Tyuiu.ShakirovRR.Sprint1.Task2.V16.csproj", "{AEC6D1B5-F30C-4A82-8BB2-AA8EAB74B2C0}"
EndProject
Project("{FAE04EC0-301F-11D3-BF4B-00C04F79EFBC}") = "Tyuiu.ShakirovRR.Sprint1.Task2.V16.Lib", "Tyuiu.ShakirovRR.Sprint1.Task2.V16.Lib\Tyuiu.ShakirovRR.Sprint1.Task2.V16.Lib.csproj", "{552BBFCC-8AB7-4F2E-99CA-608CC4188A7E}"
EndProject
Project("{FAE04EC0-301F-11D3-BF4B-00C04F79EFBC}") = "Tyuiu.ShakirovRR.Sprint1.Task2.V16.Test", "Tyuiu.ShakirovRR.Sprint1.Task2.V16.Test\Tyuiu.ShakirovRR.Sprint1.Task2.V16.Test.csproj", "{8A40D5C8-EA6D-4D38-98BF-86D7BEAFB90D}"
EndProject
Project("{2150E333-8FDC-42A3-9474-1A3956D46DE8}") = "Task3", "Task3", "{EA9FBC45-BEEC-4EB7-96EB-9B478D8895D3}"
EndProject
Project("{FAE04EC0-301F-11D3-BF4B-00C04F79EFBC}") = "Tyuiu.ShakirovRR.Sprint1.Task3.V5", "Tyuiu.ShakirovRR.Sprint1.Task3.V5\Tyuiu.ShakirovRR.Sprint1.Task3.V5.csproj", "{3DD8DA0F-C0FE-4D4B-8232-C2A48C8BD55F}"
EndProject
Project("{FAE04EC0-301F-11D3-BF4B-00C04F79EFBC}") = "Tyuiu.ShakirovRR.Sprint1.Task3.V5.Lib", "Tyuiu.ShakirovRR.Sprint1.Task3.V5.Lib\Tyuiu.ShakirovRR.Sprint1.Task3.V5.Lib.csproj", "{136FDBDF-A0B8-4B10-A459-29CE9A8454EE}"
EndProject
Project("{FAE04EC0-301F-11D3-BF4B-00C04F79EFBC}") = "Tyuiu.ShakirovRR.Sprint1.Task3.V5.Test", "Tyuiu.ShakirovRR.Sprint1.Task3.V5.Test\Tyuiu.ShakirovRR.Sprint1.Task3.V5.Test.csproj", "{6C595D90-20DC-4CA2-BB17-EC4F7284ED32}"
EndProject
Project("{2150E333-8FDC-42A3-9474-1A3956D46DE8}") = "Task4", "Task4", "{EE2322B0-19B6-4630-A541-466595685268}"
EndProject
Project("{FAE04EC0-301F-11D3-BF4B-00C04F79EFBC}") = "Tyuiu.ShakirovRR.Sprint1.Task4.V23", "Tyuiu.ShakirovRR.Sprint1.Task4.V23\Tyuiu.ShakirovRR.Sprint1.Task4.V23.csproj", "{7A7AC13F-7D2E-462F-B3D9-130593A1A4F7}"
EndProject
Project("{FAE04EC0-301F-11D3-BF4B-00C04F79EFBC}") = "Tyuiu.ShakirovRR.Sprint1.Task4.V23.Lib", "Tyuiu.ShakirovRR.Sprint1.Task4.V23.Lib\Tyuiu.ShakirovRR.Sprint1.Task4.V23.Lib.csproj", "{73DF057E-6AF0-47BB-A40C-3F1DE8DA60D1}"
EndProject
Project("{FAE04EC0-301F-11D3-BF4B-00C04F79EFBC}") = "Tyuiu.ShakirovRR.Sprint1.Task4.V23.Test", "Tyuiu.ShakirovRR.Sprint1.Task4.V23.Test\Tyuiu.ShakirovRR.Sprint1.Task4.V23.Test.csproj", "{8FB54976-AF0D-4AD4-90D0-AAB9DBE1463D}"
EndProject
Global
	GlobalSection(SolutionConfigurationPlatforms) = preSolution
		Debug|Any CPU = Debug|Any CPU
		Release|Any CPU = Release|Any CPU
	EndGlobalSection
	GlobalSection(ProjectConfigurationPlatforms) = postSolution
		{0C85F823-A38B-4B4C-92AF-727520F160EA}.Debug|Any CPU.ActiveCfg = Debug|Any CPU
		{0C85F823-A38B-4B4C-92AF-727520F160EA}.Debug|Any CPU.Build.0 = Debug|Any CPU
		{0C85F823-A38B-4B4C-92AF-727520F160EA}.Release|Any CPU.ActiveCfg = Release|Any CPU
		{0C85F823-A38B-4B4C-92AF-727520F160EA}.Release|Any CPU.Build.0 = Release|Any CPU
		{29FA9D06-B4F5-4792-AC77-8F86E62EEF2E}.Debug|Any CPU.ActiveCfg = Debug|Any CPU
		{29FA9D06-B4F5-4792-AC77-8F86E62EEF2E}.Debug|Any CPU.Build.0 = Debug|Any CPU
		{29FA9D06-B4F5-4792-AC77-8F86E62EEF2E}.Release|Any CPU.ActiveCfg = Release|Any CPU
		{29FA9D06-B4F5-4792-AC77-8F86E62EEF2E}.Release|Any CPU.Build.0 = Release|Any CPU
		{E010CC75-9DF0-4E59-A18C-0B8D49634F84}.Debug|Any CPU.ActiveCfg = Debug|Any CPU
		{E010CC75-9DF0-4E59-A18C-0B8D49634F84}.Debug|Any CPU.Build.0 = Debug|Any CPU
		{E010CC75-9DF0-4E59-A18C-0B8D49634F84}.Release|Any CPU.ActiveCfg = Release|Any CPU
		{E010CC75-9DF0-4E59-A18C-0B8D49634F84}.Release|Any CPU.Build.0 = Release|Any CPU
		{F705CF70-7C12-417E-B35E-BB9237F61D0B}.Debug|Any CPU.ActiveCfg = Debug|Any CPU
		{F705CF70-7C12-417E-B35E-BB9237F61D0B}.Debug|Any CPU.Build.0 = Debug|Any CPU
		{F705CF70-7C12-417E-B35E-BB9237F61D0B}.Release|Any CPU.ActiveCfg = Release|Any CPU
		{F705CF70-7C12-417E-B35E-BB9237F61D0B}.Release|Any CPU.Build.0 = Release|Any CPU
		{E3FDA712-0E39-43FA-B6AE-B70780554EAC}.Debug|Any CPU.ActiveCfg = Debug|Any CPU
		{E3FDA712-0E39-43FA-B6AE-B70780554EAC}.Debug|Any CPU.Build.0 = Debug|Any CPU
		{E3FDA712-0E39-43FA-B6AE-B70780554EAC}.Release|Any CPU.ActiveCfg = Release|Any CPU
		{E3FDA712-0E39-43FA-B6AE-B70780554EAC}.Release|Any CPU.Build.0 = Release|Any CPU
		{3068AC92-721A-4F3C-BD54-3EA8AC24312A}.Debug|Any CPU.ActiveCfg = Debug|Any CPU
		{3068AC92-721A-4F3C-BD54-3EA8AC24312A}.Debug|Any CPU.Build.0 = Debug|Any CPU
		{3068AC92-721A-4F3C-BD54-3EA8AC24312A}.Release|Any CPU.ActiveCfg = Release|Any CPU
		{3068AC92-721A-4F3C-BD54-3EA8AC24312A}.Release|Any CPU.Build.0 = Release|Any CPU
		{AEC6D1B5-F30C-4A82-8BB2-AA8EAB74B2C0}.Debug|Any CPU.ActiveCfg = Debug|Any CPU
		{AEC6D1B5-F30C-4A82-8BB2-AA8EAB74B2C0}.Debug|Any CPU.Build.0 = Debug|Any CPU
		{AEC6D1B5-F30C-4A82-8BB2-AA8EAB74B2C0}.Release|Any CPU.ActiveCfg = Release|Any CPU
		{AEC6D1B5-F30C-4A82-8BB2-AA8EAB74B2C0}.Release|Any CPU.Build.0 = Release|Any CPU
		{552BBFCC-8AB7-4F2E-99CA-608CC4188A7E}.Debug|Any CPU.ActiveCfg = Debug|Any CPU
		{552BBFCC-8AB7-4F2E-99CA-608CC4188A7E}.Debug|Any CPU.Build.0 = Debug|Any CPU
		{552BBFCC-8AB7-4F2E-99CA-608CC4188A7E}.Release|Any CPU.ActiveCfg = Release|Any CPU
		{552BBFCC-8AB7-4F2E-99CA-608CC4188A7E}.Release|Any CPU.Build.0 = Release|Any CPU
		{8A40D5C8-EA6D-4D38-98BF-86D7BEAFB90D}.Debug|Any CPU.ActiveCfg = Debug|Any CPU
		{8A40D5C8-EA6D-4D38-98BF-86D7BEAFB90D}.Debug|Any CPU.Build.0 = Debug|Any CPU
		{8A40D5C8-EA6D-4D38-98BF-86D7BEAFB90D}.Release|Any CPU.ActiveCfg = Release|Any CPU
		{8A40D5C8-EA6D-4D38-98BF-86D7BEAFB90D}.Release|Any CPU.Build.0 = Release|Any CPU
		{3DD8DA0F-C0FE-4D4B-8232-C2A48C8BD55F}.Debug|Any CPU.ActiveCfg = Debug|Any CPU
		{3DD8DA0F-C0FE-4D4B-8232-C2A48C8BD55F}.Debug|Any CPU.Build.0 = Debug|Any CPU
		{3DD8DA0F-C0FE-4D4B-8232-C2A48C8BD55F}.Release|Any CPU.ActiveCfg = Release|Any CPU
		{3DD8DA0F-C0FE-4D4B-8232-C2A48C8BD55F}.Release|Any CPU.Build.0 = Release|Any CPU
		{136FDBDF-A0B8-4B10-A459-29CE9A8454EE}.Debug|Any CPU.ActiveCfg = Debug|Any CPU
		{136FDBDF-A0B8-4B10-A459-29CE9A8454EE}.Debug|Any CPU.Build.0 = Debug|Any CPU
		{136FDBDF-A0B8-4B10-A459-29CE9A8454EE}.Release|Any CPU.ActiveCfg = Release|Any CPU
		{136FDBDF-A0B8-4B10-A459-29CE9A8454EE}.Release|Any CPU.Build.0 = Release|Any CPU
		{6C595D90-20DC-4CA2-BB17-EC4F7284ED32}.Debug|Any CPU.ActiveCfg = Debug|Any CPU
		{6C595D90-20DC-4CA2-BB17-EC4F7284ED32}.Debug|Any CPU.Build.0 = Debug|Any CPU
		{6C595D90-20DC-4CA2-BB17-EC4F7284ED32}.Release|Any CPU.ActiveCfg = Release|Any CPU
		{6C595D90-20DC-4CA2-BB17-EC4F7284ED32}.Release|Any CPU.Build.0 = Release|Any CPU
		{7A7AC13F-7D2E-462F-B3D9-130593A1A4F7}.Debug|Any CPU.ActiveCfg = Debug|Any CPU
		{7A7AC13F-7D2E-462F-B3D9-130593A1A4F7}.Debug|Any CPU.Build.0 = Debug|Any CPU
		{7A7AC13F-7D2E-462F-B3D9-130593A1A4F7}.Release|Any CPU.ActiveCfg = Release|Any CPU
		{7A7AC13F-7D2E-462F-B3D9-130593A1A4F7}.Release|Any CPU.Build.0 = Release|Any CPU
		{73DF057E-6AF0-47BB-A40C-3F1DE8DA60D1}.Debug|Any CPU.ActiveCfg = Debug|Any CPU
		{73DF057E-6AF0-47BB-A40C-3F1DE8DA60D1}.Debug|Any CPU.Build.0 = Debug|Any CPU
		{73DF057E-6AF0-47BB-A40C-3F1DE8DA60D1}.Release|Any CPU.ActiveCfg = Release|Any CPU
		{73DF057E-6AF0-47BB-A40C-3F1DE8DA60D1}.Release|Any CPU.Build.0 = Release|Any CPU
		{8FB54976-AF0D-4AD4-90D0-AAB9DBE1463D}.Debug|Any CPU.ActiveCfg = Debug|Any CPU
		{8FB54976-AF0D-4AD4-90D0-AAB9DBE1463D}.Debug|Any CPU.Build.0 = Debug|Any CPU
		{8FB54976-AF0D-4AD4-90D0-AAB9DBE1463D}.Release|Any CPU.ActiveCfg = Release|Any CPU
		{8FB54976-AF0D-4AD4-90D0-AAB9DBE1463D}.Release|Any CPU.Build.0 = Release|Any CPU
	EndGlobalSection
	GlobalSection(SolutionProperties) = preSolution
		HideSolutionNode = FALSE
	EndGlobalSection
	GlobalSection(NestedProjects) = preSolution
		{0C85F823-A38B-4B4C-92AF-727520F160EA} = {499A1DC1-CB0C-46DE-9818-F1F048A75CC9}
		{29FA9D06-B4F5-4792-AC77-8F86E62EEF2E} = {499A1DC1-CB0C-46DE-9818-F1F048A75CC9}
		{E010CC75-9DF0-4E59-A18C-0B8D49634F84} = {499A1DC1-CB0C-46DE-9818-F1F048A75CC9}
		{F705CF70-7C12-417E-B35E-BB9237F61D0B} = {D2E129CE-06F5-493A-B7BB-049A96BEF9D6}
		{E3FDA712-0E39-43FA-B6AE-B70780554EAC} = {D2E129CE-06F5-493A-B7BB-049A96BEF9D6}
		{3068AC92-721A-4F3C-BD54-3EA8AC24312A} = {D2E129CE-06F5-493A-B7BB-049A96BEF9D6}
		{AEC6D1B5-F30C-4A82-8BB2-AA8EAB74B2C0} = {7A9A52EC-16C9-411F-A082-CFA8F488C557}
		{552BBFCC-8AB7-4F2E-99CA-608CC4188A7E} = {7A9A52EC-16C9-411F-A082-CFA8F488C557}
		{8A40D5C8-EA6D-4D38-98BF-86D7BEAFB90D} = {7A9A52EC-16C9-411F-A082-CFA8F488C557}
		{3DD8DA0F-C0FE-4D4B-8232-C2A48C8BD55F} = {EA9FBC45-BEEC-4EB7-96EB-9B478D8895D3}
		{136FDBDF-A0B8-4B10-A459-29CE9A8454EE} = {EA9FBC45-BEEC-4EB7-96EB-9B478D8895D3}
		{6C595D90-20DC-4CA2-BB17-EC4F7284ED32} = {EA9FBC45-BEEC-4EB7-96EB-9B478D8895D3}
		{7A7AC13F-7D2E-462F-B3D9-130593A1A4F7} = {EE2322B0-19B6-4630-A541-466595685268}
		{73DF057E-6AF0-47BB-A40C-3F1DE8DA60D1} = {EE2322B0-19B6-4630-A541-466595685268}
		{8FB54976-AF0D-4AD4-90D0-AAB9DBE1463D} = {EE2322B0-19B6-4630-A541-466595685268}
	EndGlobalSection
	GlobalSection(ExtensibilityGlobals) = postSolution
		SolutionGuid = {75D75B82-608D-4CA2-B14C-75029EDA9F41}
	EndGlobalSection
EndGlobal
