
Microsoft Visual Studio Solution File, Format Version 12.00
# Visual Studio Version 16
VisualStudioVersion = 16.0.34031.81
MinimumVisualStudioVersion = 10.0.40219.1
Project("{2150E333-8FDC-42A3-9474-1A3956D46DE8}") = "Task0", "Task0", "{499A1DC1-CB0C-46DE-9818-F1F048A75CC9}"
EndProject
Project("{FAE04EC0-301F-11D3-BF4B-00C04F79EFBC}") = "Tyuiu.ShakirovRR.Sprint1.Task0.V8", "Tyuiu.ShakirovRR.Sprint1.Task0.V8\Tyuiu.ShakirovRR.Sprint1.Task0.V8.csproj", "{0C85F823-A38B-4B4C-92AF-727520F160EA}"
EndProject
Project("{FAE04EC0-301F-11D3-BF4B-00C04F79EFBC}") = "Tyuiu.ShakirovRR.Sprint1.Task0.V8.Lib", "Tyuiu.ShakirovRR.Sprint1.Task0.V8.Lib\Tyuiu.ShakirovRR.Sprint1.Task0.V8.Lib.csproj", "{29FA9D06-B4F5-4792-AC77-8F86E62EEF2E}"
EndProject
Project("{FAE04EC0-301F-11D3-BF4B-00C04F79EFBC}") = "Tyuiu.ShakirovRR.Sprint1.Task0.V8.Test", "Tyuiu.ShakirovRR.Sprint1.Task0.V8.Test\Tyuiu.ShakirovRR.Sprint1.Task0.V8.Test.csproj", "{E010CC75-9DF0-4E59-A18C-0B8D49634F84}"
EndProject
Project("{2150E333-8FDC-42A3-9474-1A3956D46DE8}") = "Task1", "Task1", "{D2E129CE-06F5-493A-B7BB-049A96BEF9D6}"
EndProject
Project("{FAE04EC0-301F-11D3-BF4B-00C04F79EFBC}") = "Tyuiu.ShakirovRR.Sprint1.Task1.V13", "Tyuiu.ShakirovRR.Sprint1.Task1.V13\Tyuiu.ShakirovRR.Sprint1.Task1.V13.csproj", "{F705CF70-7C12-417E-B35E-BB9237F61D0B}"
EndProject
Project("{FAE04EC0-301F-11D3-BF4B-00C04F79EFBC}") = "Tyuiu.ShakirovRR.Sprint1.Task1.V13.Lib", "Tyuiu.ShakirovRR.Sprint1.Task1.V13.Lib\Tyuiu.ShakirovRR.Sprint1.Task1.V13.Lib.csproj", "{E3FDA712-0E39-43FA-B6AE-B70780554EAC}"
EndProject
Project("{FAE04EC0-301F-11D3-BF4B-00C04F79EFBC}") = "Tyuiu.ShakirovRR.Sprint1.Task1.V13.Test", "Tyuiu.ShakirovRR.Sprint1.Task1.V13.Test\Tyuiu.ShakirovRR.Sprint1.Task1.V13.Test.csproj", "{3068AC92-721A-4F3C-BD54-3EA8AC24312A}"
EndProject
Global
	GlobalSection(SolutionConfigurationPlatforms) = preSolution
		Debug|Any CPU = Debug|Any CPU
		Release|Any CPU = Release|Any CPU
	EndGlobalSection
	GlobalSection(ProjectConfigurationPlatforms) = postSolution
		{0C85F823-A38B-4B4C-92AF-727520F160EA}.Debug|Any CPU.ActiveCfg = Debug|Any CPU
		{0C85F823-A38B-4B4C-92AF-727520F160EA}.Debug|Any CPU.Build.0 = Debug|Any CPU
		{0C85F823-A38B-4B4C-92AF-727520F160EA}.Release|Any CPU.ActiveCfg = Release|Any CPU
		{0C85F823-A38B-4B4C-92AF-727520F160EA}.Release|Any CPU.Build.0 = Release|Any CPU
		{29FA9D06-B4F5-4792-AC77-8F86E62EEF2E}.Debug|Any CPU.ActiveCfg = Debug|Any CPU
		{29FA9D06-B4F5-4792-AC77-8F86E62EEF2E}.Debug|Any CPU.Build.0 = Debug|Any CPU
		{29FA9D06-B4F5-4792-AC77-8F86E62EEF2E}.Release|Any CPU.ActiveCfg = Release|Any CPU
		{29FA9D06-B4F5-4792-AC77-8F86E62EEF2E}.Release|Any CPU.Build.0 = Release|Any CPU
		{E010CC75-9DF0-4E59-A18C-0B8D49634F84}.Debug|Any CPU.ActiveCfg = Debug|Any CPU
		{E010CC75-9DF0-4E59-A18C-0B8D49634F84}.Debug|Any CPU.Build.0 = Debug|Any CPU
		{E010CC75-9DF0-4E59-A18C-0B8D49634F84}.Release|Any CPU.ActiveCfg = Release|Any CPU
		{E010CC75-9DF0-4E59-A18C-0B8D49634F84}.Release|Any CPU.Build.0 = Release|Any CPU
		{F705CF70-7C12-417E-B35E-BB9237F61D0B}.Debug|Any CPU.ActiveCfg = Debug|Any CPU
		{F705CF70-7C12-417E-B35E-BB9237F61D0B}.Debug|Any CPU.Build.0 = Debug|Any CPU
		{F705CF70-7C12-417E-B35E-BB9237F61D0B}.Release|Any CPU.ActiveCfg = Release|Any CPU
		{F705CF70-7C12-417E-B35E-BB9237F61D0B}.Release|Any CPU.Build.0 = Release|Any CPU
		{E3FDA712-0E39-43FA-B6AE-B70780554EAC}.Debug|Any CPU.ActiveCfg = Debug|Any CPU
		{E3FDA712-0E39-43FA-B6AE-B70780554EAC}.Debug|Any CPU.Build.0 = Debug|Any CPU
		{E3FDA712-0E39-43FA-B6AE-B70780554EAC}.Release|Any CPU.ActiveCfg = Release|Any CPU
		{E3FDA712-0E39-43FA-B6AE-B70780554EAC}.Release|Any CPU.Build.0 = Release|Any CPU
		{3068AC92-721A-4F3C-BD54-3EA8AC24312A}.Debug|Any CPU.ActiveCfg = Debug|Any CPU
		{3068AC92-721A-4F3C-BD54-3EA8AC24312A}.Debug|Any CPU.Build.0 = Debug|Any CPU
		{3068AC92-721A-4F3C-BD54-3EA8AC24312A}.Release|Any CPU.ActiveCfg = Release|Any CPU
		{3068AC92-721A-4F3C-BD54-3EA8AC24312A}.Release|Any CPU.Build.0 = Release|Any CPU
	EndGlobalSection
	GlobalSection(SolutionProperties) = preSolution
		HideSolutionNode = FALSE
	EndGlobalSection
	GlobalSection(NestedProjects) = preSolution
		{0C85F823-A38B-4B4C-92AF-727520F160EA} = {499A1DC1-CB0C-46DE-9818-F1F048A75CC9}
		{29FA9D06-B4F5-4792-AC77-8F86E62EEF2E} = {499A1DC1-CB0C-46DE-9818-F1F048A75CC9}
		{E010CC75-9DF0-4E59-A18C-0B8D49634F84} = {499A1DC1-CB0C-46DE-9818-F1F048A75CC9}
		{F705CF70-7C12-417E-B35E-BB9237F61D0B} = {D2E129CE-06F5-493A-B7BB-049A96BEF9D6}
		{E3FDA712-0E39-43FA-B6AE-B70780554EAC} = {D2E129CE-06F5-493A-B7BB-049A96BEF9D6}
		{3068AC92-721A-4F3C-BD54-3EA8AC24312A} = {D2E129CE-06F5-493A-B7BB-049A96BEF9D6}
	EndGlobalSection
	GlobalSection(ExtensibilityGlobals) = postSolution
		SolutionGuid = {75D75B82-608D-4CA2-B14C-75029EDA9F41}
	EndGlobalSection
EndGlobal
